
Microsoft Visual Studio Solution File, Format Version 12.00
# Visual Studio Version 17
VisualStudioVersion = 17.5.33414.496
MinimumVisualStudioVersion = 10.0.40219.1
Project("{FAE04EC0-301F-11D3-BF4B-00C04F79EFBC}") = "UserValidationProblem", "UserValidationProblem.csproj", "{7E5C9544-4883-46EE-9092-CBCBE9272351}"
EndProject
Global
	GlobalSection(SolutionConfigurationPlatforms) = preSolution
		Debug|Any CPU = Debug|Any CPU
		Release|Any CPU = Release|Any CPU
	EndGlobalSection
	GlobalSection(ProjectConfigurationPlatforms) = postSolution
		{7E5C9544-4883-46EE-9092-CBCBE9272351}.Debug|Any CPU.ActiveCfg = Debug|Any CPU
		{7E5C9544-4883-46EE-9092-CBCBE9272351}.Debug|Any CPU.Build.0 = Debug|Any CPU
		{7E5C9544-4883-46EE-9092-CBCBE9272351}.Release|Any CPU.ActiveCfg = Release|Any CPU
		{7E5C9544-4883-46EE-9092-CBCBE9272351}.Release|Any CPU.Build.0 = Release|Any CPU
	EndGlobalSection
	GlobalSection(SolutionProperties) = preSolution
		HideSolutionNode = FALSE
	EndGlobalSection
	GlobalSection(ExtensibilityGlobals) = postSolution
		SolutionGuid = {A4914F94-0B2F-4D66-BC31-5B3594538757}
	EndGlobalSection
EndGlobal
